{
  "name": "dcs-map-tools",
  "version": "1.0.0",
  "lockfileVersion": 3,
  "requires": true,
  "packages": {
    "": {
      "name": "dcs-map-tools",
      "version": "1.0.0",
      "dependencies": {
        "mgrs": "^2.1.0"
      }
    },
    "node_modules/mgrs": {
      "version": "2.2.0",
      "resolved": "https://registry.npmjs.org/mgrs/-/mgrs-2.2.0.tgz",
      "integrity": "sha512-BHeewhEJ1n2MOFKvGXFPMxgfczWArFGltBYSZ+JTzlNfHSwJ7gEsXGXFjaU619yLmpmtyoLHu+d8Sd6ACsd0QA==",
      "license": "MIT"
    }
  }
}
